
Microsoft Visual Studio Solution File, Format Version 12.00
# Visual Studio Version 16
VisualStudioVersion = 16.0.29806.167
MinimumVisualStudioVersion = 10.0.40219.1
Project("{8BC9CEB8-8B4A-11D0-8D11-00A0C91BC942}") = "FO4VRTools", "src\FO4VRTools.vcxproj", "{9D903497-BB27-4C98-801C-E70FDF7E41FA}"
	ProjectSection(ProjectDependencies) = postProject
		{5FD1C08D-DB80-480C-A1C6-F0920005CD13} = {5FD1C08D-DB80-480C-A1C6-F0920005CD13}
		{639411C0-FC23-4819-A0C5-429A4E5D8A51} = {639411C0-FC23-4819-A0C5-429A4E5D8A51}
	EndProjectSection
EndProject
Project("{8BC9CEB8-8B4A-11D0-8D11-00A0C91BC942}") = "FO4VRToolsAPI", "src\api\FO4VRToolsAPI.vcxproj", "{849411C0-FC23-4819-A0D5-429A4E6D8A51}"
EndProject
Global
	GlobalSection(SolutionConfigurationPlatforms) = preSolution
		Debug_Lib_VC142|x64 = Debug_Lib_VC142|x64
		Debug_Lib|x64 = Debug_Lib|x64
		Debug|x64 = Debug|x64
		Debug-StaticLib|x64 = Debug-StaticLib|x64
		Release_Lib_VC142|x64 = Release_Lib_VC142|x64
		Release_Lib|x64 = Release_Lib|x64
		Release|x64 = Release|x64
		Release-StaticLib|x64 = Release-StaticLib|x64
	EndGlobalSection
	GlobalSection(ProjectConfigurationPlatforms) = postSolution
		{9D903497-BB27-4C98-801C-E70FDF7E41FA}.Debug_Lib_VC142|x64.ActiveCfg = Debug|x64
		{9D903497-BB27-4C98-801C-E70FDF7E41FA}.Debug_Lib_VC142|x64.Build.0 = Debug|x64
		{9D903497-BB27-4C98-801C-E70FDF7E41FA}.Debug_Lib|x64.ActiveCfg = Debug|x64
		{9D903497-BB27-4C98-801C-E70FDF7E41FA}.Debug_Lib|x64.Build.0 = Debug|x64
		{9D903497-BB27-4C98-801C-E70FDF7E41FA}.Debug|x64.ActiveCfg = Debug|x64
		{9D903497-BB27-4C98-801C-E70FDF7E41FA}.Debug|x64.Build.0 = Debug|x64
		{9D903497-BB27-4C98-801C-E70FDF7E41FA}.Debug-StaticLib|x64.ActiveCfg = Debug|x64
		{9D903497-BB27-4C98-801C-E70FDF7E41FA}.Debug-StaticLib|x64.Build.0 = Debug|x64
		{9D903497-BB27-4C98-801C-E70FDF7E41FA}.Release_Lib_VC142|x64.ActiveCfg = Release|x64
		{9D903497-BB27-4C98-801C-E70FDF7E41FA}.Release_Lib_VC142|x64.Build.0 = Release|x64
		{9D903497-BB27-4C98-801C-E70FDF7E41FA}.Release_Lib|x64.ActiveCfg = Release|x64
		{9D903497-BB27-4C98-801C-E70FDF7E41FA}.Release_Lib|x64.Build.0 = Release|x64
		{9D903497-BB27-4C98-801C-E70FDF7E41FA}.Release|x64.ActiveCfg = Release|x64
		{9D903497-BB27-4C98-801C-E70FDF7E41FA}.Release|x64.Build.0 = Release|x64
		{9D903497-BB27-4C98-801C-E70FDF7E41FA}.Release-StaticLib|x64.ActiveCfg = Release|x64
		{9D903497-BB27-4C98-801C-E70FDF7E41FA}.Release-StaticLib|x64.Build.0 = Release|x64
		{849411C0-FC23-4819-A0D5-429A4E6D8A51}.Debug_Lib_VC142|x64.ActiveCfg = Debug|x64
		{849411C0-FC23-4819-A0D5-429A4E6D8A51}.Debug_Lib_VC142|x64.Build.0 = Debug|x64
		{849411C0-FC23-4819-A0D5-429A4E6D8A51}.Debug_Lib|x64.ActiveCfg = Debug|x64
		{849411C0-FC23-4819-A0D5-429A4E6D8A51}.Debug_Lib|x64.Build.0 = Debug|x64
		{849411C0-FC23-4819-A0D5-429A4E6D8A51}.Debug|x64.ActiveCfg = Debug-StaticLib|x64
		{849411C0-FC23-4819-A0D5-429A4E6D8A51}.Debug|x64.Build.0 = Debug-StaticLib|x64
		{849411C0-FC23-4819-A0D5-429A4E6D8A51}.Debug-StaticLib|x64.ActiveCfg = Debug-StaticLib|x64
		{849411C0-FC23-4819-A0D5-429A4E6D8A51}.Debug-StaticLib|x64.Build.0 = Debug-StaticLib|x64
		{849411C0-FC23-4819-A0D5-429A4E6D8A51}.Release_Lib_VC142|x64.ActiveCfg = Release|x64
		{849411C0-FC23-4819-A0D5-429A4E6D8A51}.Release_Lib_VC142|x64.Build.0 = Release|x64
		{849411C0-FC23-4819-A0D5-429A4E6D8A51}.Release_Lib|x64.ActiveCfg = Release|x64
		{849411C0-FC23-4819-A0D5-429A4E6D8A51}.Release_Lib|x64.Build.0 = Release|x64
		{849411C0-FC23-4819-A0D5-429A4E6D8A51}.Release|x64.ActiveCfg = Release-StaticLib|x64
		{849411C0-FC23-4819-A0D5-429A4E6D8A51}.Release|x64.Build.0 = Release-StaticLib|x64
		{849411C0-FC23-4819-A0D5-429A4E6D8A51}.Release-StaticLib|x64.ActiveCfg = Release-StaticLib|x64
		{849411C0-FC23-4819-A0D5-429A4E6D8A51}.Release-StaticLib|x64.Build.0 = Release-StaticLib|x64
		{472E19AB-DEF0-42DF-819B-18722E8DC822}.Debug_Lib_VC142|x64.ActiveCfg = Debug|x64
		{472E19AB-DEF0-42DF-819B-18722E8DC822}.Debug_Lib_VC142|x64.Build.0 = Debug|x64
		{472E19AB-DEF0-42DF-819B-18722E8DC822}.Debug_Lib|x64.ActiveCfg = Debug|x64
		{472E19AB-DEF0-42DF-819B-18722E8DC822}.Debug_Lib|x64.Build.0 = Debug|x64
		{472E19AB-DEF0-42DF-819B-18722E8DC822}.Debug|x64.ActiveCfg = Debug|x64
		{472E19AB-DEF0-42DF-819B-18722E8DC822}.Debug|x64.Build.0 = Debug|x64
		{472E19AB-DEF0-42DF-819B-18722E8DC822}.Debug-StaticLib|x64.ActiveCfg = Debug|x64
		{472E19AB-DEF0-42DF-819B-18722E8DC822}.Debug-StaticLib|x64.Build.0 = Debug|x64
		{472E19AB-DEF0-42DF-819B-18722E8DC822}.Release_Lib_VC142|x64.ActiveCfg = Release|x64
		{472E19AB-DEF0-42DF-819B-18722E8DC822}.Release_Lib_VC142|x64.Build.0 = Release|x64
		{472E19AB-DEF0-42DF-819B-18722E8DC822}.Release_Lib|x64.ActiveCfg = Release|x64
		{472E19AB-DEF0-42DF-819B-18722E8DC822}.Release_Lib|x64.Build.0 = Release|x64
		{472E19AB-DEF0-42DF-819B-18722E8DC822}.Release|x64.ActiveCfg = Release|x64
		{472E19AB-DEF0-42DF-819B-18722E8DC822}.Release|x64.Build.0 = Release|x64
		{472E19AB-DEF0-42DF-819B-18722E8DC822}.Release-StaticLib|x64.ActiveCfg = Release|x64
		{472E19AB-DEF0-42DF-819B-18722E8DC822}.Release-StaticLib|x64.Build.0 = Release|x64
		{5FD1C08D-DB80-480C-A1C6-F0920005CD13}.Debug_Lib_VC142|x64.ActiveCfg = Debug_Lib|x64
		{5FD1C08D-DB80-480C-A1C6-F0920005CD13}.Debug_Lib_VC142|x64.Build.0 = Debug_Lib|x64
		{5FD1C08D-DB80-480C-A1C6-F0920005CD13}.Debug_Lib|x64.ActiveCfg = Debug_Lib|x64
		{5FD1C08D-DB80-480C-A1C6-F0920005CD13}.Debug_Lib|x64.Build.0 = Debug_Lib|x64
		{5FD1C08D-DB80-480C-A1C6-F0920005CD13}.Debug|x64.ActiveCfg = Debug|x64
		{5FD1C08D-DB80-480C-A1C6-F0920005CD13}.Debug|x64.Build.0 = Debug|x64
		{5FD1C08D-DB80-480C-A1C6-F0920005CD13}.Debug-StaticLib|x64.ActiveCfg = Debug|x64
		{5FD1C08D-DB80-480C-A1C6-F0920005CD13}.Debug-StaticLib|x64.Build.0 = Debug|x64
		{5FD1C08D-DB80-480C-A1C6-F0920005CD13}.Release_Lib_VC142|x64.ActiveCfg = Release_Lib|x64
		{5FD1C08D-DB80-480C-A1C6-F0920005CD13}.Release_Lib_VC142|x64.Build.0 = Release_Lib|x64
		{5FD1C08D-DB80-480C-A1C6-F0920005CD13}.Release_Lib|x64.ActiveCfg = Release_Lib|x64
		{5FD1C08D-DB80-480C-A1C6-F0920005CD13}.Release_Lib|x64.Build.0 = Release_Lib|x64
		{5FD1C08D-DB80-480C-A1C6-F0920005CD13}.Release|x64.ActiveCfg = Release|x64
		{5FD1C08D-DB80-480C-A1C6-F0920005CD13}.Release|x64.Build.0 = Release|x64
		{5FD1C08D-DB80-480C-A1C6-F0920005CD13}.Release-StaticLib|x64.ActiveCfg = Release|x64
		{5FD1C08D-DB80-480C-A1C6-F0920005CD13}.Release-StaticLib|x64.Build.0 = Release|x64
		{639411C0-FC23-4819-A0C5-429A4E5D8A51}.Debug_Lib_VC142|x64.ActiveCfg = Debug_Lib_VC142|x64
		{639411C0-FC23-4819-A0C5-429A4E5D8A51}.Debug_Lib_VC142|x64.Build.0 = Debug_Lib_VC142|x64
		{639411C0-FC23-4819-A0C5-429A4E5D8A51}.Debug_Lib|x64.ActiveCfg = Debug_Lib|x64
		{639411C0-FC23-4819-A0C5-429A4E5D8A51}.Debug_Lib|x64.Build.0 = Debug_Lib|x64
		{639411C0-FC23-4819-A0C5-429A4E5D8A51}.Debug|x64.ActiveCfg = Debug|x64
		{639411C0-FC23-4819-A0C5-429A4E5D8A51}.Debug|x64.Build.0 = Debug|x64
		{639411C0-FC23-4819-A0C5-429A4E5D8A51}.Debug-StaticLib|x64.ActiveCfg = Debug|x64
		{639411C0-FC23-4819-A0C5-429A4E5D8A51}.Debug-StaticLib|x64.Build.0 = Debug|x64
		{639411C0-FC23-4819-A0C5-429A4E5D8A51}.Release_Lib_VC142|x64.ActiveCfg = Release_Lib_VC142|x64
		{639411C0-FC23-4819-A0C5-429A4E5D8A51}.Release_Lib_VC142|x64.Build.0 = Release_Lib_VC142|x64
		{639411C0-FC23-4819-A0C5-429A4E5D8A51}.Release_Lib|x64.ActiveCfg = Release_Lib|x64
		{639411C0-FC23-4819-A0C5-429A4E5D8A51}.Release_Lib|x64.Build.0 = Release_Lib|x64
		{639411C0-FC23-4819-A0C5-429A4E5D8A51}.Release|x64.ActiveCfg = Release|x64
		{639411C0-FC23-4819-A0C5-429A4E5D8A51}.Release|x64.Build.0 = Release|x64
		{639411C0-FC23-4819-A0C5-429A4E5D8A51}.Release-StaticLib|x64.ActiveCfg = Release_Lib_VC142|x64
		{639411C0-FC23-4819-A0C5-429A4E5D8A51}.Release-StaticLib|x64.Build.0 = Release_Lib_VC142|x64
	EndGlobalSection
	GlobalSection(SolutionProperties) = preSolution
		HideSolutionNode = FALSE
	EndGlobalSection
	GlobalSection(ExtensibilityGlobals) = postSolution
		SolutionGuid = {1CDE0AD5-128A-4F68-BACF-1DA5E8AA0168}
	EndGlobalSection
EndGlobal
